PODS:
  - AppAuth (1.4.0):
    - AppAuth/Core (= 1.4.0)
    - AppAuth/ExternalUserAgent (= 1.4.0)
  - AppAuth/Core (1.4.0)
  - AppAuth/ExternalUserAgent (1.4.0)
  - camera (0.0.1):
    - Flutter
  - cloud_firestore (2.4.0):
    - Firebase/Firestore (= 8.7.0)
    - firebase_core
    - Flutter
  - connectivity_plus (0.0.1):
    - Flutter
    - Reachability
  - device_info (0.0.1):
    - Flutter
  - device_unlock (0.0.1):
    - Flutter
  - FBSDKCoreKit (9.1.0):
    - FBSDKCoreKit/Basics (= 9.1.0)
    - FBSDKCoreKit/Core (= 9.1.0)
  - FBSDKCoreKit/Basics (9.1.0)
  - FBSDKCoreKit/Core (9.1.0):
    - FBSDKCoreKit/Basics
  - Firebase/Analytics (8.7.0):
    - Firebase/Core
  - Firebase/Auth (8.7.0):
    - Firebase/CoreOnly
    - FirebaseAuth (~> 8.7.0)
  - Firebase/Core (8.7.0):
    - Firebase/CoreOnly
    - FirebaseAnalytics (~> 8.7.0)
  - Firebase/CoreOnly (8.7.0):
    - FirebaseCore (= 8.7.0)
  - Firebase/Crashlytics (8.7.0):
    - Firebase/CoreOnly
    - FirebaseCrashlytics (~> 8.7.0)
  - Firebase/Database (8.7.0):
    - Firebase/CoreOnly
    - FirebaseDatabase (~> 8.7.0)
  - Firebase/DynamicLinks (8.7.0):
    - Firebase/CoreOnly
    - FirebaseDynamicLinks (~> 8.7.0)
  - Firebase/Firestore (8.7.0):
    - Firebase/CoreOnly
    - FirebaseFirestore (~> 8.7.0)
  - Firebase/InAppMessaging (8.7.0):
    - Firebase/CoreOnly
    - FirebaseInAppMessaging (~> 8.7.0-beta)
  - Firebase/Messaging (8.7.0):
    - Firebase/CoreOnly
    - FirebaseMessaging (~> 8.7.0)
  - Firebase/Performance (8.7.0):
    - Firebase/CoreOnly
    - FirebasePerformance (~> 8.7.0)
  - Firebase/RemoteConfig (8.7.0):
    - Firebase/CoreOnly
    - FirebaseRemoteConfig (~> 8.7.0)
  - Firebase/Storage (8.7.0):
    - Firebase/CoreOnly
    - FirebaseStorage (~> 8.7.0)
  - firebase_analytics (8.2.0):
    - Firebase/Analytics (= 8.7.0)
    - firebase_core
    - Flutter
  - firebase_auth (3.0.1):
    - Firebase/Auth (= 8.7.0)
    - firebase_core
    - Flutter
  - firebase_core (1.7.0):
    - Firebase/CoreOnly (= 8.7.0)
    - Flutter
  - firebase_crashlytics (2.1.1):
    - Firebase/Crashlytics (= 8.7.0)
    - firebase_core
    - Flutter
  - firebase_database (7.1.2):
    - Firebase/Database (= 8.7.0)
    - firebase_core
    - Flutter
  - firebase_dynamic_links (2.0.7):
    - Firebase/DynamicLinks (= 8.7.0)
    - firebase_core
    - Flutter
  - firebase_in_app_messaging (0.5.0-7):
    - Firebase/InAppMessaging (= 8.7.0)
    - firebase_core
    - Flutter
  - firebase_messaging (10.0.4):
    - Firebase/Messaging (= 8.7.0)
    - firebase_core
    - Flutter
  - firebase_performance (0.7.1-1):
    - Firebase/Performance (= 8.7.0)
    - firebase_core
    - Flutter
  - firebase_remote_config (0.10.0-3):
    - Firebase/RemoteConfig (= 8.7.0)
    - firebase_core
    - Flutter
  - firebase_storage (10.0.2):
    - Firebase/Storage (= 8.7.0)
    - firebase_core
    - Flutter
  - FirebaseABTesting (8.7.0):
    - FirebaseCore (~> 8.0)
  - FirebaseAnalytics (8.7.0):
    - FirebaseAnalytics/AdIdSupport (= 8.7.0)
    - FirebaseCore (~> 8.0)
    - FirebaseInstallations (~> 8.0)
    - GoogleUtilities/AppDelegateSwizzler (~> 7.4)
    - GoogleUtilities/MethodSwizzler (~> 7.4)
    - GoogleUtilities/Network (~> 7.4)
    - "GoogleUtilities/NSData+zlib (~> 7.4)"
    - nanopb (~> 2.30908.0)
  - FirebaseAnalytics/AdIdSupport (8.7.0):
    - FirebaseCore (~> 8.0)
    - FirebaseInstallations (~> 8.0)
    - GoogleAppMeasurement (= 8.7.0)
    - GoogleUtilities/AppDelegateSwizzler (~> 7.4)
    - GoogleUtilities/MethodSwizzler (~> 7.4)
    - GoogleUtilities/Network (~> 7.4)
    - "GoogleUtilities/NSData+zlib (~> 7.4)"
    - nanopb (~> 2.30908.0)
  - FirebaseAuth (8.7.0):
    - FirebaseCore (~> 8.0)
    - GoogleUtilities/AppDelegateSwizzler (~> 7.4)
    - GoogleUtilities/Environment (~> 7.4)
    - GTMSessionFetcher/Core (~> 1.5)
  - FirebaseCore (8.7.0):
    - FirebaseCoreDiagnostics (~> 8.0)
    - GoogleUtilities/Environment (~> 7.4)
    - GoogleUtilities/Logger (~> 7.4)
  - FirebaseCoreDiagnostics (8.7.0):
    - GoogleDataTransport (~> 9.0)
    - GoogleUtilities/Environment (~> 7.4)
    - GoogleUtilities/Logger (~> 7.4)
    - nanopb (~> 2.30908.0)
  - FirebaseCrashlytics (8.7.0):
    - FirebaseCore (~> 8.0)
    - FirebaseInstallations (~> 8.0)
    - GoogleDataTransport (~> 9.0)
    - GoogleUtilities/Environment (~> 7.4)
    - nanopb (~> 2.30908.0)
    - PromisesObjC (< 3.0, >= 1.2)
  - FirebaseDatabase (8.7.0):
    - FirebaseCore (~> 8.0)
    - leveldb-library (~> 1.22)
  - FirebaseDynamicLinks (8.7.0):
    - FirebaseCore (~> 8.0)
  - FirebaseFirestore (8.7.0):
    - FirebaseFirestore/AutodetectLeveldb (= 8.7.0)
  - FirebaseFirestore/AutodetectLeveldb (8.7.0):
    - FirebaseFirestore/Base
  - FirebaseFirestore/Base (8.7.0)
  - FirebaseInAppMessaging (8.7.0-beta):
    - FirebaseABTesting (~> 8.0)
    - FirebaseCore (~> 8.0)
    - FirebaseInstallations (~> 8.0)
    - GoogleUtilities/Environment (~> 7.4)
    - nanopb (~> 2.30908.0)
  - FirebaseInstallations (8.7.0):
    - FirebaseCore (~> 8.0)
    - GoogleUtilities/Environment (~> 7.4)
    - GoogleUtilities/UserDefaults (~> 7.4)
    - PromisesObjC (< 3.0, >= 1.2)
  - FirebaseMessaging (8.7.0):
    - FirebaseCore (~> 8.0)
    - FirebaseInstallations (~> 8.0)
    - GoogleDataTransport (~> 9.0)
    - GoogleUtilities/AppDelegateSwizzler (~> 7.4)
    - GoogleUtilities/Environment (~> 7.4)
    - GoogleUtilities/Reachability (~> 7.4)
    - GoogleUtilities/UserDefaults (~> 7.4)
    - nanopb (~> 2.30908.0)
  - FirebasePerformance (8.7.0):
    - FirebaseCore (~> 8.0)
    - FirebaseInstallations (~> 8.0)
    - FirebaseRemoteConfig (~> 8.0)
    - GoogleDataTransport (~> 9.0)
    - GoogleUtilities/Environment (~> 7.4)
    - GoogleUtilities/ISASwizzler (~> 7.4)
    - GoogleUtilities/MethodSwizzler (~> 7.4)
    - nanopb (~> 2.30908.0)
  - FirebaseRemoteConfig (8.7.0):
    - FirebaseABTesting (~> 8.0)
    - FirebaseCore (~> 8.0)
    - FirebaseInstallations (~> 8.0)
    - GoogleUtilities/Environment (~> 7.4)
    - "GoogleUtilities/NSData+zlib (~> 7.4)"
  - FirebaseStorage (8.7.0):
    - FirebaseCore (~> 8.0)
    - GTMSessionFetcher/Core (~> 1.5)
  - Flutter (1.0.0)
  - flutter_facebook_sdk (0.0.1):
    - FBSDKCoreKit (~> 9.1.0)
    - Flutter
  - flutter_html_to_pdf (0.0.1):
    - Flutter
  - flutter_image_compress (0.0.1):
    - Flutter
    - Mantle
    - SDWebImage
    - SDWebImageWebPCoder
  - flutter_share_me (0.0.1):
    - Flutter
  - FMDB (2.7.5):
    - FMDB/standard (= 2.7.5)
  - FMDB/standard (2.7.5)
  - freshchat_sdk (0.0.1):
    - Flutter
    - FreshchatSDK (= 4.2.0)
  - FreshchatSDK (4.2.0)
  - google_sign_in (0.0.1):
    - Flutter
    - GoogleSignIn (~> 5.0)
  - GoogleAppMeasurement (8.7.0):
    - GoogleAppMeasurement/AdIdSupport (= 8.7.0)
    - GoogleUtilities/AppDelegateSwizzler (~> 7.4)
    - GoogleUtilities/MethodSwizzler (~> 7.4)
    - GoogleUtilities/Network (~> 7.4)
    - "GoogleUtilities/NSData+zlib (~> 7.4)"
    - nanopb (~> 2.30908.0)
  - GoogleAppMeasurement/AdIdSupport (8.7.0):
    - GoogleUtilities/AppDelegateSwizzler (~> 7.4)
    - GoogleUtilities/MethodSwizzler (~> 7.4)
    - GoogleUtilities/Network (~> 7.4)
    - "GoogleUtilities/NSData+zlib (~> 7.4)"
    - nanopb (~> 2.30908.0)
  - GoogleDataTransport (9.1.0):
    - GoogleUtilities/Environment (~> 7.2)
    - nanopb (~> 2.30908.0)
    - PromisesObjC (< 3.0, >= 1.2)
  - GoogleSignIn (5.0.2):
    - AppAuth (~> 1.2)
    - GTMAppAuth (~> 1.0)
    - GTMSessionFetcher/Core (~> 1.1)
  - GoogleUtilities/AppDelegateSwizzler (7.5.2):
    - GoogleUtilities/Environment
    - GoogleUtilities/Logger
    - GoogleUtilities/Network
  - GoogleUtilities/Environment (7.5.2):
    - PromisesObjC (< 3.0, >= 1.2)
  - GoogleUtilities/ISASwizzler (7.5.2)
  - GoogleUtilities/Logger (7.5.2):
    - GoogleUtilities/Environment
  - GoogleUtilities/MethodSwizzler (7.5.2):
    - GoogleUtilities/Logger
  - GoogleUtilities/Network (7.5.2):
    - GoogleUtilities/Logger
    - "GoogleUtilities/NSData+zlib"
    - GoogleUtilities/Reachability
  - "GoogleUtilities/NSData+zlib (7.5.2)"
  - GoogleUtilities/Reachability (7.5.2):
    - GoogleUtilities/Logger
  - GoogleUtilities/UserDefaults (7.5.2):
    - GoogleUtilities/Logger
  - GTMAppAuth (1.2.2):
    - AppAuth/Core (~> 1.4)
    - GTMSessionFetcher/Core (~> 1.5)
  - GTMSessionFetcher/Core (1.7.0)
  - image_gallery_saver (1.5.0):
    - Flutter
  - image_picker (0.0.1):
    - Flutter
  - in_app_review (0.2.0):
    - Flutter
  - leveldb-library (1.22.1)
  - libwebp (1.2.0):
    - libwebp/demux (= 1.2.0)
    - libwebp/mux (= 1.2.0)
    - libwebp/webp (= 1.2.0)
  - libwebp/demux (1.2.0):
    - libwebp/webp
  - libwebp/mux (1.2.0):
    - libwebp/demux
  - libwebp/webp (1.2.0)
  - Mantle (2.1.6):
    - Mantle/extobjc (= 2.1.6)
  - Mantle/extobjc (2.1.6)
  - Mixpanel-swift (3.0.0.beta.5):
    - Mixpanel-swift/Complete (= 3.0.0.beta.5)
  - Mixpanel-swift/Complete (3.0.0.beta.5)
  - mixpanel_flutter (1.3.1):
    - Flutter
    - Mixpanel-swift (= 3.0.0.beta.5)
  - nanopb (2.30908.0):
    - nanopb/decode (= 2.30908.0)
    - nanopb/encode (= 2.30908.0)
  - nanopb/decode (2.30908.0)
  - nanopb/encode (2.30908.0)
  - open_file (0.0.1):
    - Flutter
  - package_info (0.0.1):
    - Flutter
  - path_provider (0.0.1):
    - Flutter
  - "permission_handler (5.1.0+2)":
    - Flutter
  - PromisesObjC (2.0.0)
  - razorpay-pod (1.1.16)
  - razorpay_flutter (1.1.10):
    - Flutter
    - razorpay-pod
  - Reachability (3.2)
  - SDWebImage (5.11.1):
    - SDWebImage/Core (= 5.11.1)
  - SDWebImage/Core (5.11.1)
  - SDWebImageWebPCoder (0.8.4):
    - libwebp (~> 1.0)
    - SDWebImage/Core (~> 5.10)
  - share_plus (0.0.1):
    - Flutter
  - shared_preferences (0.0.1):
    - Flutter
  - sms_autofill (0.0.1):
    - Flutter
  - sqflite (0.0.2):
    - Flutter
    - FMDB (>= 2.7.5)
  - url_launcher (0.0.1):
    - Flutter
  - vibration (1.7.3):
    - Flutter
  - video_player (0.0.1):
    - Flutter
  - wakelock (0.0.1):
    - Flutter
  - webview_flutter (0.0.1):
    - Flutter

DEPENDENCIES:
  - camera (from `.symlinks/plugins/camera/ios`)
  - cloud_firestore (from `.symlinks/plugins/cloud_firestore/ios`)
  - connectivity_plus (from `.symlinks/plugins/connectivity_plus/ios`)
  - device_info (from `.symlinks/plugins/device_info/ios`)
  - device_unlock (from `.symlinks/plugins/device_unlock/ios`)
  - firebase_analytics (from `.symlinks/plugins/firebase_analytics/ios`)
  - firebase_auth (from `.symlinks/plugins/firebase_auth/ios`)
  - firebase_core (from `.symlinks/plugins/firebase_core/ios`)
  - firebase_crashlytics (from `.symlinks/plugins/firebase_crashlytics/ios`)
  - firebase_database (from `.symlinks/plugins/firebase_database/ios`)
  - firebase_dynamic_links (from `.symlinks/plugins/firebase_dynamic_links/ios`)
  - firebase_in_app_messaging (from `.symlinks/plugins/firebase_in_app_messaging/ios`)
  - firebase_messaging (from `.symlinks/plugins/firebase_messaging/ios`)
  - firebase_performance (from `.symlinks/plugins/firebase_performance/ios`)
  - firebase_remote_config (from `.symlinks/plugins/firebase_remote_config/ios`)
  - firebase_storage (from `.symlinks/plugins/firebase_storage/ios`)
  - FirebaseFirestore (from `https://github.com/invertase/firestore-ios-sdk-frameworks.git`, tag `8.7.0`)
  - Flutter (from `Flutter`)
  - flutter_facebook_sdk (from `.symlinks/plugins/flutter_facebook_sdk/ios`)
  - flutter_html_to_pdf (from `.symlinks/plugins/flutter_html_to_pdf/ios`)
  - flutter_image_compress (from `.symlinks/plugins/flutter_image_compress/ios`)
  - flutter_share_me (from `.symlinks/plugins/flutter_share_me/ios`)
  - freshchat_sdk (from `.symlinks/plugins/freshchat_sdk/ios`)
  - google_sign_in (from `.symlinks/plugins/google_sign_in/ios`)
  - image_gallery_saver (from `.symlinks/plugins/image_gallery_saver/ios`)
  - image_picker (from `.symlinks/plugins/image_picker/ios`)
  - in_app_review (from `.symlinks/plugins/in_app_review/ios`)
  - mixpanel_flutter (from `.symlinks/plugins/mixpanel_flutter/ios`)
  - open_file (from `.symlinks/plugins/open_file/ios`)
  - package_info (from `.symlinks/plugins/package_info/ios`)
  - path_provider (from `.symlinks/plugins/path_provider/ios`)
  - permission_handler (from `.symlinks/plugins/permission_handler/ios`)
  - razorpay_flutter (from `.symlinks/plugins/razorpay_flutter/ios`)
  - share_plus (from `.symlinks/plugins/share_plus/ios`)
  - shared_preferences (from `.symlinks/plugins/shared_preferences/ios`)
  - sms_autofill (from `.symlinks/plugins/sms_autofill/ios`)
  - sqflite (from `.symlinks/plugins/sqflite/ios`)
  - url_launcher (from `.symlinks/plugins/url_launcher/ios`)
  - vibration (from `.symlinks/plugins/vibration/ios`)
  - video_player (from `.symlinks/plugins/video_player/ios`)
  - wakelock (from `.symlinks/plugins/wakelock/ios`)
  - webview_flutter (from `.symlinks/plugins/webview_flutter/ios`)

SPEC REPOS:
  trunk:
    - AppAuth
    - FBSDKCoreKit
    - Firebase
    - FirebaseABTesting
    - FirebaseAnalytics
    - FirebaseAuth
    - FirebaseCore
    - FirebaseCoreDiagnostics
    - FirebaseCrashlytics
    - FirebaseDatabase
    - FirebaseDynamicLinks
    - FirebaseInAppMessaging
    - FirebaseInstallations
    - FirebaseMessaging
    - FirebasePerformance
    - FirebaseRemoteConfig
    - FirebaseStorage
    - FMDB
    - FreshchatSDK
    - GoogleAppMeasurement
    - GoogleDataTransport
    - GoogleSignIn
    - GoogleUtilities
    - GTMAppAuth
    - GTMSessionFetcher
    - leveldb-library
    - libwebp
    - Mantle
    - Mixpanel-swift
    - nanopb
    - PromisesObjC
    - razorpay-pod
    - Reachability
    - SDWebImage
    - SDWebImageWebPCoder

EXTERNAL SOURCES:
  camera:
    :path: ".symlinks/plugins/camera/ios"
  cloud_firestore:
    :path: ".symlinks/plugins/cloud_firestore/ios"
  connectivity_plus:
    :path: ".symlinks/plugins/connectivity_plus/ios"
  device_info:
    :path: ".symlinks/plugins/device_info/ios"
  device_unlock:
    :path: ".symlinks/plugins/device_unlock/ios"
  firebase_analytics:
    :path: ".symlinks/plugins/firebase_analytics/ios"
  firebase_auth:
    :path: ".symlinks/plugins/firebase_auth/ios"
  firebase_core:
    :path: ".symlinks/plugins/firebase_core/ios"
  firebase_crashlytics:
    :path: ".symlinks/plugins/firebase_crashlytics/ios"
  firebase_database:
    :path: ".symlinks/plugins/firebase_database/ios"
  firebase_dynamic_links:
    :path: ".symlinks/plugins/firebase_dynamic_links/ios"
  firebase_in_app_messaging:
    :path: ".symlinks/plugins/firebase_in_app_messaging/ios"
  firebase_messaging:
    :path: ".symlinks/plugins/firebase_messaging/ios"
  firebase_performance:
    :path: ".symlinks/plugins/firebase_performance/ios"
  firebase_remote_config:
    :path: ".symlinks/plugins/firebase_remote_config/ios"
  firebase_storage:
    :path: ".symlinks/plugins/firebase_storage/ios"
  FirebaseFirestore:
    :git: https://github.com/invertase/firestore-ios-sdk-frameworks.git
    :tag: 8.7.0
  Flutter:
    :path: Flutter
  flutter_facebook_sdk:
    :path: ".symlinks/plugins/flutter_facebook_sdk/ios"
  flutter_html_to_pdf:
    :path: ".symlinks/plugins/flutter_html_to_pdf/ios"
  flutter_image_compress:
    :path: ".symlinks/plugins/flutter_image_compress/ios"
  flutter_share_me:
    :path: ".symlinks/plugins/flutter_share_me/ios"
  freshchat_sdk:
    :path: ".symlinks/plugins/freshchat_sdk/ios"
  google_sign_in:
    :path: ".symlinks/plugins/google_sign_in/ios"
  image_gallery_saver:
    :path: ".symlinks/plugins/image_gallery_saver/ios"
  image_picker:
    :path: ".symlinks/plugins/image_picker/ios"
  in_app_review:
    :path: ".symlinks/plugins/in_app_review/ios"
  mixpanel_flutter:
    :path: ".symlinks/plugins/mixpanel_flutter/ios"
  open_file:
    :path: ".symlinks/plugins/open_file/ios"
  package_info:
    :path: ".symlinks/plugins/package_info/ios"
  path_provider:
    :path: ".symlinks/plugins/path_provider/ios"
  permission_handler:
    :path: ".symlinks/plugins/permission_handler/ios"
  razorpay_flutter:
    :path: ".symlinks/plugins/razorpay_flutter/ios"
  share_plus:
    :path: ".symlinks/plugins/share_plus/ios"
  shared_preferences:
    :path: ".symlinks/plugins/shared_preferences/ios"
  sms_autofill:
    :path: ".symlinks/plugins/sms_autofill/ios"
  sqflite:
    :path: ".symlinks/plugins/sqflite/ios"
  url_launcher:
    :path: ".symlinks/plugins/url_launcher/ios"
  vibration:
    :path: ".symlinks/plugins/vibration/ios"
  video_player:
    :path: ".symlinks/plugins/video_player/ios"
  wakelock:
    :path: ".symlinks/plugins/wakelock/ios"
  webview_flutter:
    :path: ".symlinks/plugins/webview_flutter/ios"

CHECKOUT OPTIONS:
  FirebaseFirestore:
    :git: https://github.com/invertase/firestore-ios-sdk-frameworks.git
    :tag: 8.7.0

SPEC CHECKSUMS:
  AppAuth: 31bcec809a638d7bd2f86ea8a52bd45f6e81e7c7
  camera: 3164201dc344383e62282964016528c4f5a9ad50
  cloud_firestore: 8908c0126eb0846fa8ef9b0613367d025652e04d
  connectivity_plus: 5f0eb61093bec56935f21a1699dd2758bc895587
  device_info: d7d233b645a32c40dfdc212de5cf646ca482f175
  device_unlock: 9f2f6f1abfc70eac689ba9fe3a835f761af5e635
  FBSDKCoreKit: a00fe2efd780c195a5e09201bf51c56106245b40
  Firebase: bc9325d5ee2041524bac78a5213d0e530c651309
  firebase_analytics: 70e6812bab4465ac6309591c80f8d1e5dfa1f3ee
  firebase_auth: f71d402c1ecfd903cc71c64646466900c3d2efa4
  firebase_core: f5ac1f2726a2bd0468cea0161eddeea3d83d7e3e
  firebase_crashlytics: 568ec8f925489cd3986ac1a0fbb14dc89f2360c4
  firebase_database: 53f9529da1cdd0e35e7c3c099899ea42222ff776
  firebase_dynamic_links: fee6b22842f6ae05bb6d89970d288e2a2d26d79e
  firebase_in_app_messaging: 07d229d533a9a9ea55f30891a20d804e397fcae5
  firebase_messaging: 98f2b04d21d702e17dcf4b4929de15138163b83f
  firebase_performance: 1c8fc11fb784bee9ba37d6fcbe16a7f755955692
  firebase_remote_config: e45d44edcdb533c937096d39b02ff62e53adb1e2
  firebase_storage: 016dc50a7402bbe2a20c2ff599b3a748234ee7b8
  FirebaseABTesting: 5a72ea0e88422f9e223614cb4016cafffb2af8d1
  FirebaseAnalytics: 52768800c2add1d84b751420cb4caaf8195f2c41
  FirebaseAuth: 2e7d029977648c67a5d51a263d4cbab76d34cf12
  FirebaseCore: f4804c1d3f4bbbefc88904d15653038f2c99ddf7
  FirebaseCoreDiagnostics: b63732f581a1c6a453ec7241f9ab60b3a5bd3450
  FirebaseCrashlytics: 6fac03d1eef054833b71c929c93ab95c12989728
  FirebaseDatabase: afc82291f9ed94ff949cec1b9505e8c3b944bc0f
  FirebaseDynamicLinks: e3fd315f43196811df8eac95803f10ff47c3b026
  FirebaseFirestore: bdf3eff7754ed90e53102e42ae06c749403ea2d1
  FirebaseInAppMessaging: d1cff11faa69d294bef9c0773b91a6c84f771ac5
  FirebaseInstallations: ede6fb72bb6337914e5888b399271259d0c4910c
  FirebaseMessaging: 93227dd71d7888e200baef65043f81acb2b6596e
  FirebasePerformance: a1a23adbc53917d7654c349d355371d5239cc340
  FirebaseRemoteConfig: 34300dd83055c06e2768d0932dd8fb2c1575745f
  FirebaseStorage: 2e6e58fe31fb0061fdce3f156d0ebc964e9de6ba
  Flutter: 434fef37c0980e73bb6479ef766c45957d4b510c
  flutter_facebook_sdk: 82c8d10c6226b66de5459d6115ab02d1ecd66cd9
  flutter_html_to_pdf: 0fd9f8d04f335d68b06a7c4ab5fc85d22e1ef91b
  flutter_image_compress: fd2b476345226e1a10ea352fa306af95704642c1
  flutter_share_me: dd04bcb65a595f76bd2fa0537df08fffc5a04903
  FMDB: 2ce00b547f966261cd18927a3ddb07cb6f3db82a
  freshchat_sdk: ea427932eaa48575736624a4952052f9aa540136
  FreshchatSDK: db7d7b6ac9e7a7456c8514509ac4cd2e97ba4a26
  google_sign_in: de494e5e993986afae63e22a32441e30c35c9823
  GoogleAppMeasurement: 2be61ce546ad074dbe4dd545f222ac6033bb1d9e
  GoogleDataTransport: 85fd18ff3019bb85d3f2c551d04c481dedf71fc9
  GoogleSignIn: 7137d297ddc022a7e0aa4619c86d72c909fa7213
  GoogleUtilities: 8de2a97a17e15b6b98e38e8770e2d129a57c0040
  GTMAppAuth: ad5c2b70b9a8689e1a04033c9369c4915bfcbe89
  GTMSessionFetcher: 43748f93435c2aa068b1cbe39655aaf600652e91
  image_gallery_saver: 259eab68fb271cfd57d599904f7acdc7832e7ef2
  image_picker: e06f7a68f000bd36f552c1847e33cda96ed31f1f
  in_app_review: 4a97249f7a2f539a0f294c2d9196b7fe35e49541
  leveldb-library: 50c7b45cbd7bf543c81a468fe557a16ae3db8729
  libwebp: e90b9c01d99205d03b6bb8f2c8c415e5a4ef66f0
  Mantle: 4c0ed6ce47c96eccc4dc3bb071deb3def0e2c3be
  Mixpanel-swift: 4e367aaff204bf7262e9ed665e7b380580cc06c1
  mixpanel_flutter: 634444ba1fbab4d68f0faa8e5c231dfab344a278
  nanopb: a0ba3315591a9ae0a16a309ee504766e90db0c96
  open_file: 02eb5cb6b21264bd3a696876f5afbfb7ca4f4b7d
  package_info: 873975fc26034f0b863a300ad47e7f1ac6c7ec62
  path_provider: abfe2b5c733d04e238b0d8691db0cfd63a27a93c
  permission_handler: ccb20a9fad0ee9b1314a52b70b76b473c5f8dab0
  PromisesObjC: 68159ce6952d93e17b2dfe273b8c40907db5ba58
  razorpay-pod: f1763f8ee8f83152837abe7de1cdfbcd4eb035b9
  razorpay_flutter: 84b3bfd206ae9c9c2a9ba585524a1b3d8102b6c1
  Reachability: 33e18b67625424e47b6cde6d202dce689ad7af96
  SDWebImage: a7f831e1a65eb5e285e3fb046a23fcfbf08e696d
  SDWebImageWebPCoder: f93010f3f6c031e2f8fb3081ca4ee6966c539815
  share_plus: 056a1e8ac890df3e33cb503afffaf1e9b4fbae68
  shared_preferences: af6bfa751691cdc24be3045c43ec037377ada40d
  sms_autofill: c461043483362c3f1709ee76eaae6eb570b31686
  sqflite: 6d358c025f5b867b29ed92fc697fd34924e11904
  url_launcher: 6fef411d543ceb26efce54b05a0a40bfd74cbbef
  vibration: b5a33e764c3f609a975b9dca73dce20fdde627dc
  video_player: 9cc823b1d9da7e8427ee591e8438bfbcde500e6e
  wakelock: d0fc7c864128eac40eba1617cb5264d9c940b46f
  webview_flutter: 3603125dfd3bcbc9d8d418c3f80aeecf331c068b

PODFILE CHECKSUM: da0fb2dc7b86b40869c97f622d20fc54d239798f

COCOAPODS: 1.10.1
